// !$*UTF8*$!
{
	archiveVersion = 1;
	classes = {
	};
	objectVersion = 50;
	objects = {

/* Begin PBXBuildFile section */
		651000ED27624CBD0007E705 /* ReminderListCell.swift in Sources */ = {isa = PBXBuildFile; fileRef = 651000EC27624CBD0007E705 /* ReminderListCell.swift */; };
		651000EF2764826C0007E705 /* ReminderDetailViewController.swift in Sources */ = {isa = PBXBuildFile; fileRef = 651000EE2764826C0007E705 /* ReminderDetailViewController.swift */; };
		651000F12767A6600007E705 /* ReminderListDataSource.swift in Sources */ = {isa = PBXBuildFile; fileRef = 651000F02767A6600007E705 /* ReminderListDataSource.swift */; };
		653E2028275CA9FB0037074E /* AppDelegate.swift in Sources */ = {isa = PBXBuildFile; fileRef = 653E2027275CA9FB0037074E /* AppDelegate.swift */; };
		653E202A275CA9FB0037074E /* SceneDelegate.swift in Sources */ = {isa = PBXBuildFile; fileRef = 653E2029275CA9FB0037074E /* SceneDelegate.swift */; };
		653E202C275CA9FB0037074E /* ReminderListViewController.swift in Sources */ = {isa = PBXBuildFile; fileRef = 653E202B275CA9FB0037074E /* ReminderListViewController.swift */; };
		653E202F275CA9FB0037074E /* Main.storyboard in Resources */ = {isa = PBXBuildFile; fileRef = 653E202D275CA9FB0037074E /* Main.storyboard */; };
		653E2031275CA9FD0037074E /* Assets.xcassets in Resources */ = {isa = PBXBuildFile; fileRef = 653E2030275CA9FD0037074E /* Assets.xcassets */; };
		653E2034275CA9FD0037074E /* LaunchScreen.storyboard in Resources */ = {isa = PBXBuildFile; fileRef = 653E2032275CA9FD0037074E /* LaunchScreen.storyboard */; };
		653E203C275CB62D0037074E /* Reminder.swift in Sources */ = {isa = PBXBuildFile; fileRef = 653E203B275CB62D0037074E /* Reminder.swift */; };
		65D670132777696B0071F2B2 /* ReminderDetailViewDataSource.swift in Sources */ = {isa = PBXBuildFile; fileRef = 65D670122777696B0071F2B2 /* ReminderDetailViewDataSource.swift */; };
/* End PBXBuildFile section */

/* Begin PBXFileReference section */
		651000EC27624CBD0007E705 /* ReminderListCell.swift */ = {isa = PBXFileReference; lastKnownFileType = sourcecode.swift; path = ReminderListCell.swift; sourceTree = "<group>"; };
		651000EE2764826C0007E705 /* ReminderDetailViewController.swift */ = {isa = PBXFileReference; lastKnownFileType = sourcecode.swift; path = ReminderDetailViewController.swift; sourceTree = "<group>"; };
		651000F02767A6600007E705 /* ReminderListDataSource.swift */ = {isa = PBXFileReference; lastKnownFileType = sourcecode.swift; path = ReminderListDataSource.swift; sourceTree = "<group>"; };
		653E2024275CA9FB0037074E /* Today.app */ = {isa = PBXFileReference; explicitFileType = wrapper.application; includeInIndex = 0; path = Today.app; sourceTree = BUILT_PRODUCTS_DIR; };
		653E2027275CA9FB0037074E /* AppDelegate.swift */ = {isa = PBXFileReference; lastKnownFileType = sourcecode.swift; path = AppDelegate.swift; sourceTree = "<group>"; };
		653E2029275CA9FB0037074E /* SceneDelegate.swift */ = {isa = PBXFileReference; lastKnownFileType = sourcecode.swift; path = SceneDelegate.swift; sourceTree = "<group>"; };
		653E202B275CA9FB0037074E /* ReminderListViewController.swift */ = {isa = PBXFileReference; lastKnownFileType = sourcecode.swift; path = ReminderListViewController.swift; sourceTree = "<group>"; };
		653E202E275CA9FB0037074E /* Base */ = {isa = PBXFileReference; lastKnownFileType = file.storyboard; name = Base; path = Base.lproj/Main.storyboard; sourceTree = "<group>"; };
		653E2030275CA9FD0037074E /* Assets.xcassets */ = {isa = PBXFileReference; lastKnownFileType = folder.assetcatalog; path = Assets.xcassets; sourceTree = "<group>"; };
		653E2033275CA9FD0037074E /* Base */ = {isa = PBXFileReference; lastKnownFileType = file.storyboard; name = Base; path = Base.lproj/LaunchScreen.storyboard; sourceTree = "<group>"; };
		653E2035275CA9FD0037074E /* Info.plist */ = {isa = PBXFileReference; lastKnownFileType = text.plist.xml; path = Info.plist; sourceTree = "<group>"; };
		653E203B275CB62D0037074E /* Reminder.swift */ = {isa = PBXFileReference; lastKnownFileType = sourcecode.swift; path = Reminder.swift; sourceTree = "<group>"; };
		65D670122777696B0071F2B2 /* ReminderDetailViewDataSource.swift */ = {isa = PBXFileReference; lastKnownFileType = sourcecode.swift; path = ReminderDetailViewDataSource.swift; sourceTree = "<group>"; };
/* End PBXFileReference section */

/* Begin PBXFrameworksBuildPhase section */
		653E2021275CA9FB0037074E /* Frameworks */ = {
			isa = PBXFrameworksBuildPhase;
			buildActionMask = 2147483647;
			files = (
			);
			runOnlyForDeploymentPostprocessing = 0;
		};
/* End PBXFrameworksBuildPhase section */

/* Begin PBXGroup section */
		653E201B275CA9FB0037074E = {
			isa = PBXGroup;
			children = (
				653E2026275CA9FB0037074E /* Today */,
				653E2025275CA9FB0037074E /* Products */,
			);
			sourceTree = "<group>";
		};
		653E2025275CA9FB0037074E /* Products */ = {
			isa = PBXGroup;
			children = (
				653E2024275CA9FB0037074E /* Today.app */,
			);
			name = Products;
			sourceTree = "<group>";
		};
		653E2026275CA9FB0037074E /* Today */ = {
			isa = PBXGroup;
			children = (
				653E2027275CA9FB0037074E /* AppDelegate.swift */,
				653E2029275CA9FB0037074E /* SceneDelegate.swift */,
				653E202B275CA9FB0037074E /* ReminderListViewController.swift */,
				651000F02767A6600007E705 /* ReminderListDataSource.swift */,
				653E202D275CA9FB0037074E /* Main.storyboard */,
				65D670122777696B0071F2B2 /* ReminderDetailViewDataSource.swift */,
				651000EE2764826C0007E705 /* ReminderDetailViewController.swift */,
				653E2030275CA9FD0037074E /* Assets.xcassets */,
				653E2032275CA9FD0037074E /* LaunchScreen.storyboard */,
				653E2035275CA9FD0037074E /* Info.plist */,
				653E203B275CB62D0037074E /* Reminder.swift */,
				651000EC27624CBD0007E705 /* ReminderListCell.swift */,
			);
			path = Today;
			sourceTree = "<group>";
		};
/* End PBXGroup section */

/* Begin PBXNativeTarget section */
		653E2023275CA9FB0037074E /* Today */ = {
			isa = PBXNativeTarget;
			buildConfigurationList = 653E2038275CA9FD0037074E /* Build configuration list for PBXNativeTarget "Today" */;
			buildPhases = (
				653E2020275CA9FB0037074E /* Sources */,
				653E2021275CA9FB0037074E /* Frameworks */,
				653E2022275CA9FB0037074E /* Resources */,
			);
			buildRules = (
			);
			dependencies = (
			);
			name = Today;
			productName = Today;
			productReference = 653E2024275CA9FB0037074E /* Today.app */;
			productType = "com.apple.product-type.application";
		};
/* End PBXNativeTarget section */

/* Begin PBXProject section */
		653E201C275CA9FB0037074E /* Project object */ = {
			isa = PBXProject;
			attributes = {
				LastSwiftUpdateCheck = 1250;
				LastUpgradeCheck = 1250;
				TargetAttributes = {
					653E2023275CA9FB0037074E = {
						CreatedOnToolsVersion = 12.5.1;
					};
				};
			};
			buildConfigurationList = 653E201F275CA9FB0037074E /* Build configuration list for PBXProject "Today" */;
			compatibilityVersion = "Xcode 9.3";
			developmentRegion = en;
			hasScannedForEncodings = 0;
			knownRegions = (
				en,
				Base,
			);
			mainGroup = 653E201B275CA9FB0037074E;
			productRefGroup = 653E2025275CA9FB0037074E /* Products */;
			projectDirPath = "";
			projectRoot = "";
			targets = (
				653E2023275CA9FB0037074E /* Today */,
			);
		};
/* End PBXProject section */

/* Begin PBXResourcesBuildPhase section */
		653E2022275CA9FB0037074E /* Resources */ = {
			isa = PBXResourcesBuildPhase;
			buildActionMask = 2147483647;
			files = (
				653E2034275CA9FD0037074E /* LaunchScreen.storyboard in Resources */,
				653E2031275CA9FD0037074E /* Assets.xcassets in Resources */,
				653E202F275CA9FB0037074E /* Main.storyboard in Resources */,
			);
			runOnlyForDeploymentPostprocessing = 0;
		};
/* End PBXResourcesBuildPhase section */

/* Begin PBXSourcesBuildPhase section */
		653E2020275CA9FB0037074E /* Sources */ = {
			isa = PBXSourcesBuildPhase;
			buildActionMask = 2147483647;
			files = (
				653E202C275CA9FB0037074E /* ReminderListViewController.swift in Sources */,
				651000ED27624CBD0007E705 /* ReminderListCell.swift in Sources */,
				653E2028275CA9FB0037074E /* AppDelegate.swift in Sources */,
				651000EF2764826C0007E705 /* ReminderDetailViewController.swift in Sources */,
				65D670132777696B0071F2B2 /* ReminderDetailViewDataSource.swift in Sources */,
				653E202A275CA9FB0037074E /* SceneDelegate.swift in Sources */,
				653E203C275CB62D0037074E /* Reminder.swift in Sources */,
				651000F12767A6600007E705 /* ReminderListDataSource.swift in Sources */,
			);
			runOnlyForDeploymentPostprocessing = 0;
		};
/* End PBXSourcesBuildPhase section */

/* Begin PBXVariantGroup section */
		653E202D275CA9FB0037074E /* Main.storyboard */ = {
			isa = PBXVariantGroup;
			children = (
				653E202E275CA9FB0037074E /* Base */,
			);
			name = Main.storyboard;
			sourceTree = "<group>";
		};
		653E2032275CA9FD0037074E /* LaunchScreen.storyboard */ = {
			isa = PBXVariantGroup;
			children = (
				653E2033275CA9FD0037074E /* Base */,
			);
			name = LaunchScreen.storyboard;
			sourceTree = "<group>";
		};
/* End PBXVariantGroup section */

/* Begin XCBuildConfiguration section */
		653E2036275CA9FD0037074E /* Debug */ = {
			isa = XCBuildConfiguration;
			buildSettings = {
				ALWAYS_SEARCH_USER_PATHS = NO;
				CLANG_ANALYZER_NONNULL = YES;
				CLANG_ANALYZER_NUMBER_OBJECT_CONVERSION = YES_AGGRESSIVE;
				CLANG_CXX_LANGUAGE_STANDARD = "gnu++14";
				CLANG_CXX_LIBRARY = "libc++";
				CLANG_ENABLE_MODULES = YES;
				CLANG_ENABLE_OBJC_ARC = YES;
				CLANG_ENABLE_OBJC_WEAK = YES;
				CLANG_WARN_BLOCK_CAPTURE_AUTORELEASING = YES;
				CLANG_WARN_BOOL_CONVERSION = YES;
				CLANG_WARN_COMMA = YES;
				CLANG_WARN_CONSTANT_CONVERSION = YES;
				CLANG_WARN_DEPRECATED_OBJC_IMPLEMENTATIONS = YES;
				CLANG_WARN_DIRECT_OBJC_ISA_USAGE = YES_ERROR;
				CLANG_WARN_DOCUMENTATION_COMMENTS = YES;
				CLANG_WARN_EMPTY_BODY = YES;
				CLANG_WARN_ENUM_CONVERSION = YES;
				CLANG_WARN_INFINITE_RECURSION = YES;
				CLANG_WARN_INT_CONVERSION = YES;
				CLANG_WARN_NON_LITERAL_NULL_CONVERSION = YES;
				CLANG_WARN_OBJC_IMPLICIT_RETAIN_SELF = YES;
				CLANG_WARN_OBJC_LITERAL_CONVERSION = YES;
				CLANG_WARN_OBJC_ROOT_CLASS = YES_ERROR;
				CLANG_WARN_QUOTED_INCLUDE_IN_FRAMEWORK_HEADER = YES;
				CLANG_WARN_RANGE_LOOP_ANALYSIS = YES;
				CLANG_WARN_STRICT_PROTOTYPES = YES;
				CLANG_WARN_SUSPICIOUS_MOVE = YES;
				CLANG_WARN_UNGUARDED_AVAILABILITY = YES_AGGRESSIVE;
				CLANG_WARN_UNREACHABLE_CODE = YES;
				CLANG_WARN__DUPLICATE_METHOD_MATCH = YES;
				COPY_PHASE_STRIP = NO;
				DEBUG_INFORMATION_FORMAT = dwarf;
				ENABLE_STRICT_OBJC_MSGSEND = YES;
				ENABLE_TESTABILITY = YES;
				GCC_C_LANGUAGE_STANDARD = gnu11;
				GCC_DYNAMIC_NO_PIC = NO;
				GCC_NO_COMMON_BLOCKS = YES;
				GCC_OPTIMIZATION_LEVEL = 0;
				GCC_PREPROCESSOR_DEFINITIONS = (
					"DEBUG=1",
					"$(inherited)",
				);
				GCC_WARN_64_TO_32_BIT_CONVERSION = YES;
				GCC_WARN_ABOUT_RETURN_TYPE = YES_ERROR;
				GCC_WARN_UNDECLARED_SELECTOR = YES;
				GCC_WARN_UNINITIALIZED_AUTOS = YES_AGGRESSIVE;
				GCC_WARN_UNUSED_FUNCTION = YES;
				GCC_WARN_UNUSED_VARIABLE = YES;
				IPHONEOS_DEPLOYMENT_TARGET = 14.5;
				MTL_ENABLE_DEBUG_INFO = INCLUDE_SOURCE;
				MTL_FAST_MATH = YES;
				ONLY_ACTIVE_ARCH = YES;
				SDKROOT = iphoneos;
				SWIFT_ACTIVE_COMPILATION_CONDITIONS = DEBUG;
				SWIFT_OPTIMIZATION_LEVEL = "-Onone";
			};
			name = Debug;
		};
		653E2037275CA9FD0037074E /* Release */ = {
			isa = XCBuildConfiguration;
			buildSettings = {
				ALWAYS_SEARCH_USER_PATHS = NO;
				CLANG_ANALYZER_NONNULL = YES;
				CLANG_ANALYZER_NUMBER_OBJECT_CONVERSION = YES_AGGRESSIVE;
				CLANG_CXX_LANGUAGE_STANDARD = "gnu++14";
				CLANG_CXX_LIBRARY = "libc++";
				CLANG_ENABLE_MODULES = YES;
				CLANG_ENABLE_OBJC_ARC = YES;
				CLANG_ENABLE_OBJC_WEAK = YES;
				CLANG_WARN_BLOCK_CAPTURE_AUTORELEASING = YES;
				CLANG_WARN_BOOL_CONVERSION = YES;
				CLANG_WARN_COMMA = YES;
				CLANG_WARN_CONSTANT_CONVERSION = YES;
				CLANG_WARN_DEPRECATED_OBJC_IMPLEMENTATIONS = YES;
				CLANG_WARN_DIRECT_OBJC_ISA_USAGE = YES_ERROR;
				CLANG_WARN_DOCUMENTATION_COMMENTS = YES;
				CLANG_WARN_EMPTY_BODY = YES;
				CLANG_WARN_ENUM_CONVERSION = YES;
				CLANG_WARN_INFINITE_RECURSION = YES;
				CLANG_WARN_INT_CONVERSION = YES;
				CLANG_WARN_NON_LITERAL_NULL_CONVERSION = YES;
				CLANG_WARN_OBJC_IMPLICIT_RETAIN_SELF = YES;
				CLANG_WARN_OBJC_LITERAL_CONVERSION = YES;
				CLANG_WARN_OBJC_ROOT_CLASS = YES_ERROR;
				CLANG_WARN_QUOTED_INCLUDE_IN_FRAMEWORK_HEADER = YES;
				CLANG_WARN_RANGE_LOOP_ANALYSIS = YES;
				CLANG_WARN_STRICT_PROTOTYPES = YES;
				CLANG_WARN_SUSPICIOUS_MOVE = YES;
				CLANG_WARN_UNGUARDED_AVAILABILITY = YES_AGGRESSIVE;
				CLANG_WARN_UNREACHABLE_CODE = YES;
				CLANG_WARN__DUPLICATE_METHOD_MATCH = YES;
				COPY_PHASE_STRIP = NO;
				DEBUG_INFORMATION_FORMAT = "dwarf-with-dsym";
				ENABLE_NS_ASSERTIONS = NO;
				ENABLE_STRICT_OBJC_MSGSEND = YES;
				GCC_C_LANGUAGE_STANDARD = gnu11;
				GCC_NO_COMMON_BLOCKS = YES;
				GCC_WARN_64_TO_32_BIT_CONVERSION = YES;
				GCC_WARN_ABOUT_RETURN_TYPE = YES_ERROR;
				GCC_WARN_UNDECLARED_SELECTOR = YES;
				GCC_WARN_UNINITIALIZED_AUTOS = YES_AGGRESSIVE;
				GCC_WARN_UNUSED_FUNCTION = YES;
				GCC_WARN_UNUSED_VARIABLE = YES;
				IPHONEOS_DEPLOYMENT_TARGET = 14.5;
				MTL_ENABLE_DEBUG_INFO = NO;
				MTL_FAST_MATH = YES;
				SDKROOT = iphoneos;
				SWIFT_COMPILATION_MODE = wholemodule;
				SWIFT_OPTIMIZATION_LEVEL = "-O";
				VALIDATE_PRODUCT = YES;
			};
			name = Release;
		};
		653E2039275CA9FD0037074E /* Debug */ = {
			isa = XCBuildConfiguration;
			buildSettings = {
				ASSETCATALOG_COMPILER_APPICON_NAME = AppIcon;
				ASSETCATALOG_COMPILER_GLOBAL_ACCENT_COLOR_NAME = AccentColor;
				CODE_SIGN_STYLE = Automatic;
				INFOPLIST_FILE = Today/Info.plist;
				LD_RUNPATH_SEARCH_PATHS = (
					"$(inherited)",
					"@executable_path/Frameworks",
				);
				PRODUCT_BUNDLE_IDENTIFIER = com.yotsufe.Today;
				PRODUCT_NAME = "$(TARGET_NAME)";
				SWIFT_VERSION = 5.0;
				TARGETED_DEVICE_FAMILY = "1,2";
			};
			name = Debug;
		};
		653E203A275CA9FD0037074E /* Release */ = {
			isa = XCBuildConfiguration;
			buildSettings = {
				ASSETCATALOG_COMPILER_APPICON_NAME = AppIcon;
				ASSETCATALOG_COMPILER_GLOBAL_ACCENT_COLOR_NAME = AccentColor;
				CODE_SIGN_STYLE = Automatic;
				INFOPLIST_FILE = Today/Info.plist;
				LD_RUNPATH_SEARCH_PATHS = (
					"$(inherited)",
					"@executable_path/Frameworks",
				);
				PRODUCT_BUNDLE_IDENTIFIER = com.yotsufe.Today;
				PRODUCT_NAME = "$(TARGET_NAME)";
				SWIFT_VERSION = 5.0;
				TARGETED_DEVICE_FAMILY = "1,2";
			};
			name = Release;
		};
/* End XCBuildConfiguration section */

/* Begin XCConfigurationList section */
		653E201F275CA9FB0037074E /* Build configuration list for PBXProject "Today" */ = {
			isa = XCConfigurationList;
			buildConfigurations = (
				653E2036275CA9FD0037074E /* Debug */,
				653E2037275CA9FD0037074E /* Release */,
			);
			defaultConfigurationIsVisible = 0;
			defaultConfigurationName = Release;
		};
		653E2038275CA9FD0037074E /* Build configuration list for PBXNativeTarget "Today" */ = {
			isa = XCConfigurationList;
			buildConfigurations = (
				653E2039275CA9FD0037074E /* Debug */,
				653E203A275CA9FD0037074E /* Release */,
			);
			defaultConfigurationIsVisible = 0;
			defaultConfigurationName = Release;
		};
/* End XCConfigurationList section */
	};
	rootObject = 653E201C275CA9FB0037074E /* Project object */;
}
